
Microsoft Visual Studio Solution File, Format Version 12.00
# Visual Studio Version 17
VisualStudioVersion = 17.13.35931.197
MinimumVisualStudioVersion = 10.0.40219.1
Project("{2150E333-8FDC-42A3-9474-1A3956D46DE8}") = "DAL", "DAL", "{C2BCD0BF-1D9D-4F31-9CB0-FAABDA392FE9}"
EndProject
Project("{2150E333-8FDC-42A3-9474-1A3956D46DE8}") = "Common", "Common", "{7636C69B-4ECA-4882-B54F-5891176E30F0}"
EndProject
Project("{2150E333-8FDC-42A3-9474-1A3956D46DE8}") = "Client", "Client", "{DA19B933-7F25-4A8E-8710-F0E32A3224AE}"
EndProject
Project("{2150E333-8FDC-42A3-9474-1A3956D46DE8}") = "Server", "Server", "{D4E94005-B80F-471B-AB1F-BE44CFC76C3B}"
EndProject
Project("{FAE04EC0-301F-11D3-BF4B-00C04F79EFBC}") = "SmartParking.Server.IDBConfig", "SmartParking.Server.IDBConfig\SmartParking.Server.IDBConfig.csproj", "{6D46EBB3-8CDE-4CF6-8122-8AFC3CE895FF}"
EndProject
Project("{FAE04EC0-301F-11D3-BF4B-00C04F79EFBC}") = "SmartParking.Server.DBConfig", "SmartParking.Server.DBConfig\SmartParking.Server.DBConfig.csproj", "{44147C38-57DB-4289-9864-C60E847D433A}"
EndProject
Project("{FAE04EC0-301F-11D3-BF4B-00C04F79EFBC}") = "SmartParking.Server.EFCore", "SmartParking.Server.EFCore\SmartParking.Server.EFCore.csproj", "{0E3DACDC-FB49-40CB-AA3E-96F48A79721A}"
EndProject
Project("{FAE04EC0-301F-11D3-BF4B-00C04F79EFBC}") = "SamrtParking.Server.IService", "SamrtParking.Server.IService\SamrtParking.Server.IService.csproj", "{982898ED-A620-4118-AFA1-1A10B38C7E03}"
EndProject
Project("{FAE04EC0-301F-11D3-BF4B-00C04F79EFBC}") = "SmartParking.Server.Service", "SmartParking.Server.Service\SmartParking.Server.Service.csproj", "{3750031E-2B0F-43E1-8DBA-28BF12D83A8A}"
EndProject
Project("{FAE04EC0-301F-11D3-BF4B-00C04F79EFBC}") = "SmartParking.Server.Start", "SmartParking.Server.Start\SmartParking.Server.Start.csproj", "{117C7B38-4C86-49DE-9D09-ACDA74BFBB0F}"
EndProject
Project("{FAE04EC0-301F-11D3-BF4B-00C04F79EFBC}") = "SmartParking.Server.Models", "SmartParking.Server.Models\SmartParking.Server.Models.csproj", "{DC317432-A5E2-4480-BDF7-FD80C4E1B1F6}"
EndProject
Project("{2150E333-8FDC-42A3-9474-1A3956D46DE8}") = "Services", "Services", "{CF36E307-F379-4CD9-8990-143D410D9D33}"
EndProject
Project("{2150E333-8FDC-42A3-9474-1A3956D46DE8}") = "Common", "Common", "{16B074DC-FDAA-48B0-B67C-C5FC30FFE9FF}"
EndProject
Project("{2150E333-8FDC-42A3-9474-1A3956D46DE8}") = "BLL", "BLL", "{7A8B95D8-D146-4314-9A2B-3B8CC20D57A7}"
EndProject
Project("{2150E333-8FDC-42A3-9474-1A3956D46DE8}") = "DAL", "DAL", "{29C0C77D-E866-4DF9-BB50-32818D9F402E}"
EndProject
Project("{FAE04EC0-301F-11D3-BF4B-00C04F79EFBC}") = "SmartParking.Client.Start", "SmartParking.Client.Start\SmartParking.Client.Start.csproj", "{3CF29FB5-2AAA-49C6-AE3F-1627B0A8D7E3}"
EndProject
Project("{2150E333-8FDC-42A3-9474-1A3956D46DE8}") = "Start", "Start", "{02EA681E-C7D8-13C7-8484-4AC65E1B71E8}"
EndProject
Project("{FAE04EC0-301F-11D3-BF4B-00C04F79EFBC}") = "SmartParking.Client.Assets", "SmartParking.Client.Assets\SmartParking.Client.Assets.csproj", "{3D927340-3F6D-482A-9A2E-2120A4B36B7E}"
EndProject
Global
	GlobalSection(SolutionConfigurationPlatforms) = preSolution
		Debug|Any CPU = Debug|Any CPU
		Release|Any CPU = Release|Any CPU
	EndGlobalSection
	GlobalSection(ProjectConfigurationPlatforms) = postSolution
		{6D46EBB3-8CDE-4CF6-8122-8AFC3CE895FF}.Debug|Any CPU.ActiveCfg = Debug|Any CPU
		{6D46EBB3-8CDE-4CF6-8122-8AFC3CE895FF}.Debug|Any CPU.Build.0 = Debug|Any CPU
		{6D46EBB3-8CDE-4CF6-8122-8AFC3CE895FF}.Release|Any CPU.ActiveCfg = Release|Any CPU
		{6D46EBB3-8CDE-4CF6-8122-8AFC3CE895FF}.Release|Any CPU.Build.0 = Release|Any CPU
		{44147C38-57DB-4289-9864-C60E847D433A}.Debug|Any CPU.ActiveCfg = Debug|Any CPU
		{44147C38-57DB-4289-9864-C60E847D433A}.Debug|Any CPU.Build.0 = Debug|Any CPU
		{44147C38-57DB-4289-9864-C60E847D433A}.Release|Any CPU.ActiveCfg = Release|Any CPU
		{44147C38-57DB-4289-9864-C60E847D433A}.Release|Any CPU.Build.0 = Release|Any CPU
		{0E3DACDC-FB49-40CB-AA3E-96F48A79721A}.Debug|Any CPU.ActiveCfg = Debug|Any CPU
		{0E3DACDC-FB49-40CB-AA3E-96F48A79721A}.Debug|Any CPU.Build.0 = Debug|Any CPU
		{0E3DACDC-FB49-40CB-AA3E-96F48A79721A}.Release|Any CPU.ActiveCfg = Release|Any CPU
		{0E3DACDC-FB49-40CB-AA3E-96F48A79721A}.Release|Any CPU.Build.0 = Release|Any CPU
		{982898ED-A620-4118-AFA1-1A10B38C7E03}.Debug|Any CPU.ActiveCfg = Debug|Any CPU
		{982898ED-A620-4118-AFA1-1A10B38C7E03}.Debug|Any CPU.Build.0 = Debug|Any CPU
		{982898ED-A620-4118-AFA1-1A10B38C7E03}.Release|Any CPU.ActiveCfg = Release|Any CPU
		{982898ED-A620-4118-AFA1-1A10B38C7E03}.Release|Any CPU.Build.0 = Release|Any CPU
		{3750031E-2B0F-43E1-8DBA-28BF12D83A8A}.Debug|Any CPU.ActiveCfg = Debug|Any CPU
		{3750031E-2B0F-43E1-8DBA-28BF12D83A8A}.Debug|Any CPU.Build.0 = Debug|Any CPU
		{3750031E-2B0F-43E1-8DBA-28BF12D83A8A}.Release|Any CPU.ActiveCfg = Release|Any CPU
		{3750031E-2B0F-43E1-8DBA-28BF12D83A8A}.Release|Any CPU.Build.0 = Release|Any CPU
		{117C7B38-4C86-49DE-9D09-ACDA74BFBB0F}.Debug|Any CPU.ActiveCfg = Debug|Any CPU
		{117C7B38-4C86-49DE-9D09-ACDA74BFBB0F}.Debug|Any CPU.Build.0 = Debug|Any CPU
		{117C7B38-4C86-49DE-9D09-ACDA74BFBB0F}.Release|Any CPU.ActiveCfg = Release|Any CPU
		{117C7B38-4C86-49DE-9D09-ACDA74BFBB0F}.Release|Any CPU.Build.0 = Release|Any CPU
		{DC317432-A5E2-4480-BDF7-FD80C4E1B1F6}.Debug|Any CPU.ActiveCfg = Debug|Any CPU
		{DC317432-A5E2-4480-BDF7-FD80C4E1B1F6}.Debug|Any CPU.Build.0 = Debug|Any CPU
		{DC317432-A5E2-4480-BDF7-FD80C4E1B1F6}.Release|Any CPU.ActiveCfg = Release|Any CPU
		{DC317432-A5E2-4480-BDF7-FD80C4E1B1F6}.Release|Any CPU.Build.0 = Release|Any CPU
		{3CF29FB5-2AAA-49C6-AE3F-1627B0A8D7E3}.Debug|Any CPU.ActiveCfg = Debug|Any CPU
		{3CF29FB5-2AAA-49C6-AE3F-1627B0A8D7E3}.Debug|Any CPU.Build.0 = Debug|Any CPU
		{3CF29FB5-2AAA-49C6-AE3F-1627B0A8D7E3}.Release|Any CPU.ActiveCfg = Release|Any CPU
		{3CF29FB5-2AAA-49C6-AE3F-1627B0A8D7E3}.Release|Any CPU.Build.0 = Release|Any CPU
		{3D927340-3F6D-482A-9A2E-2120A4B36B7E}.Debug|Any CPU.ActiveCfg = Debug|Any CPU
		{3D927340-3F6D-482A-9A2E-2120A4B36B7E}.Debug|Any CPU.Build.0 = Debug|Any CPU
		{3D927340-3F6D-482A-9A2E-2120A4B36B7E}.Release|Any CPU.ActiveCfg = Release|Any CPU
		{3D927340-3F6D-482A-9A2E-2120A4B36B7E}.Release|Any CPU.Build.0 = Release|Any CPU
	EndGlobalSection
	GlobalSection(SolutionProperties) = preSolution
		HideSolutionNode = FALSE
	EndGlobalSection
	GlobalSection(NestedProjects) = preSolution
		{C2BCD0BF-1D9D-4F31-9CB0-FAABDA392FE9} = {D4E94005-B80F-471B-AB1F-BE44CFC76C3B}
		{7636C69B-4ECA-4882-B54F-5891176E30F0} = {D4E94005-B80F-471B-AB1F-BE44CFC76C3B}
		{6D46EBB3-8CDE-4CF6-8122-8AFC3CE895FF} = {C2BCD0BF-1D9D-4F31-9CB0-FAABDA392FE9}
		{44147C38-57DB-4289-9864-C60E847D433A} = {C2BCD0BF-1D9D-4F31-9CB0-FAABDA392FE9}
		{0E3DACDC-FB49-40CB-AA3E-96F48A79721A} = {C2BCD0BF-1D9D-4F31-9CB0-FAABDA392FE9}
		{982898ED-A620-4118-AFA1-1A10B38C7E03} = {CF36E307-F379-4CD9-8990-143D410D9D33}
		{3750031E-2B0F-43E1-8DBA-28BF12D83A8A} = {CF36E307-F379-4CD9-8990-143D410D9D33}
		{117C7B38-4C86-49DE-9D09-ACDA74BFBB0F} = {D4E94005-B80F-471B-AB1F-BE44CFC76C3B}
		{DC317432-A5E2-4480-BDF7-FD80C4E1B1F6} = {7636C69B-4ECA-4882-B54F-5891176E30F0}
		{CF36E307-F379-4CD9-8990-143D410D9D33} = {D4E94005-B80F-471B-AB1F-BE44CFC76C3B}
		{16B074DC-FDAA-48B0-B67C-C5FC30FFE9FF} = {DA19B933-7F25-4A8E-8710-F0E32A3224AE}
		{7A8B95D8-D146-4314-9A2B-3B8CC20D57A7} = {DA19B933-7F25-4A8E-8710-F0E32A3224AE}
		{29C0C77D-E866-4DF9-BB50-32818D9F402E} = {DA19B933-7F25-4A8E-8710-F0E32A3224AE}
		{3CF29FB5-2AAA-49C6-AE3F-1627B0A8D7E3} = {02EA681E-C7D8-13C7-8484-4AC65E1B71E8}
		{02EA681E-C7D8-13C7-8484-4AC65E1B71E8} = {DA19B933-7F25-4A8E-8710-F0E32A3224AE}
		{3D927340-3F6D-482A-9A2E-2120A4B36B7E} = {16B074DC-FDAA-48B0-B67C-C5FC30FFE9FF}
	EndGlobalSection
	GlobalSection(ExtensibilityGlobals) = postSolution
		SolutionGuid = {AC944B9D-F217-418C-974E-0EBFA53F9615}
	EndGlobalSection
EndGlobal
