
Microsoft Visual Studio Solution File, Format Version 12.00
# Visual Studio Version 17
VisualStudioVersion = 17.14.36429.23
MinimumVisualStudioVersion = 10.0.40219.1
Project("{FAE04EC0-301F-11D3-BF4B-00C04F79EFBC}") = "Nobody.MTHProject", "Nobody.MTHProject\Nobody.MTHProject.csproj", "{8B825323-7123-48FC-B716-D09F35E4639B}"
EndProject
Project("{FAE04EC0-301F-11D3-BF4B-00C04F79EFBC}") = "Nobody.MTHControlLib", "Nobody.MTHControlLib\Nobody.MTHControlLib.csproj", "{2E6085ED-1965-4977-9DAF-062B63153793}"
EndProject
Project("{FAE04EC0-301F-11D3-BF4B-00C04F79EFBC}") = "Nobody.MTHModels", "Nobody.MTHModels\Nobody.MTHModels.csproj", "{08D2B854-F5D8-4805-ADDD-21136A91B39D}"
EndProject
Project("{FAE04EC0-301F-11D3-BF4B-00C04F79EFBC}") = "Nobody.MTHHelper", "Nobody.MTHHelper\Nobody.MTHHelper.csproj", "{C0900F74-2EEA-44AB-B329-E7CE54EE16C7}"
EndProject
Global
	GlobalSection(SolutionConfigurationPlatforms) = preSolution
		Debug|Any CPU = Debug|Any CPU
		Release|Any CPU = Release|Any CPU
	EndGlobalSection
	GlobalSection(ProjectConfigurationPlatforms) = postSolution
		{8B825323-7123-48FC-B716-D09F35E4639B}.Debug|Any CPU.ActiveCfg = Debug|Any CPU
		{8B825323-7123-48FC-B716-D09F35E4639B}.Debug|Any CPU.Build.0 = Debug|Any CPU
		{8B825323-7123-48FC-B716-D09F35E4639B}.Release|Any CPU.ActiveCfg = Release|Any CPU
		{8B825323-7123-48FC-B716-D09F35E4639B}.Release|Any CPU.Build.0 = Release|Any CPU
		{2E6085ED-1965-4977-9DAF-062B63153793}.Debug|Any CPU.ActiveCfg = Debug|Any CPU
		{2E6085ED-1965-4977-9DAF-062B63153793}.Debug|Any CPU.Build.0 = Debug|Any CPU
		{2E6085ED-1965-4977-9DAF-062B63153793}.Release|Any CPU.ActiveCfg = Release|Any CPU
		{2E6085ED-1965-4977-9DAF-062B63153793}.Release|Any CPU.Build.0 = Release|Any CPU
		{08D2B854-F5D8-4805-ADDD-21136A91B39D}.Debug|Any CPU.ActiveCfg = Debug|Any CPU
		{08D2B854-F5D8-4805-ADDD-21136A91B39D}.Debug|Any CPU.Build.0 = Debug|Any CPU
		{08D2B854-F5D8-4805-ADDD-21136A91B39D}.Release|Any CPU.ActiveCfg = Release|Any CPU
		{08D2B854-F5D8-4805-ADDD-21136A91B39D}.Release|Any CPU.Build.0 = Release|Any CPU
		{C0900F74-2EEA-44AB-B329-E7CE54EE16C7}.Debug|Any CPU.ActiveCfg = Debug|Any CPU
		{C0900F74-2EEA-44AB-B329-E7CE54EE16C7}.Debug|Any CPU.Build.0 = Debug|Any CPU
		{C0900F74-2EEA-44AB-B329-E7CE54EE16C7}.Release|Any CPU.ActiveCfg = Release|Any CPU
		{C0900F74-2EEA-44AB-B329-E7CE54EE16C7}.Release|Any CPU.Build.0 = Release|Any CPU
	EndGlobalSection
	GlobalSection(SolutionProperties) = preSolution
		HideSolutionNode = FALSE
	EndGlobalSection
	GlobalSection(ExtensibilityGlobals) = postSolution
		SolutionGuid = {74BD8149-CFB2-4359-9E8A-8EA0B2F68917}
	EndGlobalSection
EndGlobal
