
Microsoft Visual Studio Solution File, Format Version 12.00
# Visual Studio Version 17
VisualStudioVersion = 17.13.35919.96
MinimumVisualStudioVersion = 10.0.40219.1
Project("{FAE04EC0-301F-11D3-BF4B-00C04F79EFBC}") = "WPFStudyDemo", "WPFStudyDemo\WPFStudyDemo.csproj", "{AEB0FB1C-E65E-44A2-8AA8-305C5F984FE4}"
EndProject
Project("{FAE04EC0-301F-11D3-BF4B-00C04F79EFBC}") = "DataBindStudyVersion8", "DataBindStudyVersion8\DataBindStudyVersion8.csproj", "{60E5FB51-A172-4DBB-BBB3-1B62B741B117}"
EndProject
Project("{FAE04EC0-301F-11D3-BF4B-00C04F79EFBC}") = "WPFC5Test", "WPFC5Test\WPFC5Test.csproj", "{6F7E8937-4406-4238-9C30-8FE8A17412D1}"
EndProject
Project("{FAE04EC0-301F-11D3-BF4B-00C04F79EFBC}") = "DataBindStudy", "DataBindStudy\DataBindStudy.csproj", "{23FFACEE-C896-40D5-8703-C37269D9485B}"
EndProject
Project("{FAE04EC0-301F-11D3-BF4B-00C04F79EFBC}") = "BindingValidationDemo", "BindingValidationDemo\BindingValidationDemo.csproj", "{32E7B5C9-9458-4723-A756-C0035105707E}"
EndProject
Project("{FAE04EC0-301F-11D3-BF4B-00C04F79EFBC}") = "ShapeControlStudy", "ShapeControlStudy\ShapeControlStudy.csproj", "{CCD416C8-441D-4513-8467-D743ECCBCDC5}"
EndProject
Project("{FAE04EC0-301F-11D3-BF4B-00C04F79EFBC}") = "WPFEventStudy", "WPFEventStudy\WPFEventStudy.csproj", "{F91C8B37-C8D3-45FD-BBCE-E69A6B1F92AE}"
EndProject
Project("{FAE04EC0-301F-11D3-BF4B-00C04F79EFBC}") = "AnimationStudy", "AnimationStudy\AnimationStudy.csproj", "{37E5F4EF-EF2D-4A2A-8A4E-CFC2A5A31BDB}"
EndProject
Global
	GlobalSection(SolutionConfigurationPlatforms) = preSolution
		Debug|Any CPU = Debug|Any CPU
		Release|Any CPU = Release|Any CPU
	EndGlobalSection
	GlobalSection(ProjectConfigurationPlatforms) = postSolution
		{AEB0FB1C-E65E-44A2-8AA8-305C5F984FE4}.Debug|Any CPU.ActiveCfg = Debug|Any CPU
		{AEB0FB1C-E65E-44A2-8AA8-305C5F984FE4}.Debug|Any CPU.Build.0 = Debug|Any CPU
		{AEB0FB1C-E65E-44A2-8AA8-305C5F984FE4}.Release|Any CPU.ActiveCfg = Release|Any CPU
		{AEB0FB1C-E65E-44A2-8AA8-305C5F984FE4}.Release|Any CPU.Build.0 = Release|Any CPU
		{60E5FB51-A172-4DBB-BBB3-1B62B741B117}.Debug|Any CPU.ActiveCfg = Debug|Any CPU
		{60E5FB51-A172-4DBB-BBB3-1B62B741B117}.Debug|Any CPU.Build.0 = Debug|Any CPU
		{60E5FB51-A172-4DBB-BBB3-1B62B741B117}.Release|Any CPU.ActiveCfg = Release|Any CPU
		{60E5FB51-A172-4DBB-BBB3-1B62B741B117}.Release|Any CPU.Build.0 = Release|Any CPU
		{6F7E8937-4406-4238-9C30-8FE8A17412D1}.Debug|Any CPU.ActiveCfg = Debug|Any CPU
		{6F7E8937-4406-4238-9C30-8FE8A17412D1}.Debug|Any CPU.Build.0 = Debug|Any CPU
		{6F7E8937-4406-4238-9C30-8FE8A17412D1}.Release|Any CPU.ActiveCfg = Release|Any CPU
		{6F7E8937-4406-4238-9C30-8FE8A17412D1}.Release|Any CPU.Build.0 = Release|Any CPU
		{23FFACEE-C896-40D5-8703-C37269D9485B}.Debug|Any CPU.ActiveCfg = Debug|Any CPU
		{23FFACEE-C896-40D5-8703-C37269D9485B}.Debug|Any CPU.Build.0 = Debug|Any CPU
		{23FFACEE-C896-40D5-8703-C37269D9485B}.Release|Any CPU.ActiveCfg = Release|Any CPU
		{23FFACEE-C896-40D5-8703-C37269D9485B}.Release|Any CPU.Build.0 = Release|Any CPU
		{32E7B5C9-9458-4723-A756-C0035105707E}.Debug|Any CPU.ActiveCfg = Debug|Any CPU
		{32E7B5C9-9458-4723-A756-C0035105707E}.Debug|Any CPU.Build.0 = Debug|Any CPU
		{32E7B5C9-9458-4723-A756-C0035105707E}.Release|Any CPU.ActiveCfg = Release|Any CPU
		{32E7B5C9-9458-4723-A756-C0035105707E}.Release|Any CPU.Build.0 = Release|Any CPU
		{CCD416C8-441D-4513-8467-D743ECCBCDC5}.Debug|Any CPU.ActiveCfg = Debug|Any CPU
		{CCD416C8-441D-4513-8467-D743ECCBCDC5}.Debug|Any CPU.Build.0 = Debug|Any CPU
		{CCD416C8-441D-4513-8467-D743ECCBCDC5}.Release|Any CPU.ActiveCfg = Release|Any CPU
		{CCD416C8-441D-4513-8467-D743ECCBCDC5}.Release|Any CPU.Build.0 = Release|Any CPU
		{F91C8B37-C8D3-45FD-BBCE-E69A6B1F92AE}.Debug|Any CPU.ActiveCfg = Debug|Any CPU
		{F91C8B37-C8D3-45FD-BBCE-E69A6B1F92AE}.Debug|Any CPU.Build.0 = Debug|Any CPU
		{F91C8B37-C8D3-45FD-BBCE-E69A6B1F92AE}.Release|Any CPU.ActiveCfg = Release|Any CPU
		{F91C8B37-C8D3-45FD-BBCE-E69A6B1F92AE}.Release|Any CPU.Build.0 = Release|Any CPU
		{37E5F4EF-EF2D-4A2A-8A4E-CFC2A5A31BDB}.Debug|Any CPU.ActiveCfg = Debug|Any CPU
		{37E5F4EF-EF2D-4A2A-8A4E-CFC2A5A31BDB}.Debug|Any CPU.Build.0 = Debug|Any CPU
		{37E5F4EF-EF2D-4A2A-8A4E-CFC2A5A31BDB}.Release|Any CPU.ActiveCfg = Release|Any CPU
		{37E5F4EF-EF2D-4A2A-8A4E-CFC2A5A31BDB}.Release|Any CPU.Build.0 = Release|Any CPU
	EndGlobalSection
	GlobalSection(SolutionProperties) = preSolution
		HideSolutionNode = FALSE
	EndGlobalSection
EndGlobal
