
Microsoft Visual Studio Solution File, Format Version 12.00
# Visual Studio Version 17
VisualStudioVersion = 17.13.35919.96
MinimumVisualStudioVersion = 10.0.40219.1
Project("{FAE04EC0-301F-11D3-BF4B-00C04F79EFBC}") = "WPFStudyDemo", "WPFStudyDemo\WPFStudyDemo.csproj", "{AEB0FB1C-E65E-44A2-8AA8-305C5F984FE4}"
EndProject
Project("{FAE04EC0-301F-11D3-BF4B-00C04F79EFBC}") = "DataBindStudyVersion8", "DataBindStudyVersion8\DataBindStudyVersion8.csproj", "{60E5FB51-A172-4DBB-BBB3-1B62B741B117}"
EndProject
Project("{FAE04EC0-301F-11D3-BF4B-00C04F79EFBC}") = "WPFC5Test", "WPFC5Test\WPFC5Test.csproj", "{6F7E8937-4406-4238-9C30-8FE8A17412D1}"
EndProject
Project("{FAE04EC0-301F-11D3-BF4B-00C04F79EFBC}") = "DataBindStudy", "DataBindStudy\DataBindStudy.csproj", "{23FFACEE-C896-40D5-8703-C37269D9485B}"
EndProject
Project("{FAE04EC0-301F-11D3-BF4B-00C04F79EFBC}") = "BindingValidationDemo", "BindingValidationDemo\BindingValidationDemo.csproj", "{32E7B5C9-9458-4723-A756-C0035105707E}"
EndProject
Project("{FAE04EC0-301F-11D3-BF4B-00C04F79EFBC}") = "ShapeControlStudy", "ShapeControlStudy\ShapeControlStudy.csproj", "{CCD416C8-441D-4513-8467-D743ECCBCDC5}"
EndProject
Project("{FAE04EC0-301F-11D3-BF4B-00C04F79EFBC}") = "WPFEventStudy", "WPFEventStudy\WPFEventStudy.csproj", "{F91C8B37-C8D3-45FD-BBCE-E69A6B1F92AE}"
EndProject
Project("{FAE04EC0-301F-11D3-BF4B-00C04F79EFBC}") = "AnimationStudy", "AnimationStudy\AnimationStudy.csproj", "{37E5F4EF-EF2D-4A2A-8A4E-CFC2A5A31BDB}"
EndProject
Project("{FAE04EC0-301F-11D3-BF4B-00C04F79EFBC}") = "CustomerControlStudy", "CustomerControlStudy\CustomerControlStudy.csproj", "{430CBE37-2D1D-45A6-B6F4-4D81B38A5EE1}"
EndProject
Project("{FAE04EC0-301F-11D3-BF4B-00C04F79EFBC}") = "MVVMStudy", "MVVMStudy\MVVMStudy.csproj", "{C1DACF49-2DB8-447A-8A65-D1583A54304C}"
EndProject
Project("{FAE04EC0-301F-11D3-BF4B-00C04F79EFBC}") = "MVVMDemo", "MVVMDemo\MVVMDemo.csproj", "{61A6774E-011D-4992-B850-7D6CE935FAFB}"
EndProject
Project("{FAE04EC0-301F-11D3-BF4B-00C04F79EFBC}") = "Mvvmlight.Framework", "Mvvmlight.Framework\Mvvmlight.Framework.csproj", "{E881C44B-E17E-4ABB-B9BA-CCC0B6A3A458}"
EndProject
Project("{FAE04EC0-301F-11D3-BF4B-00C04F79EFBC}") = "Study.MVVMTookit", "Study.MVVMTookit\Study.MVVMTookit.csproj", "{F99185B1-0F83-4F3C-88E2-0FBF627CDCCF}"
EndProject
Project("{FAE04EC0-301F-11D3-BF4B-00C04F79EFBC}") = "Prism.Study", "Prism.Study\Prism.Study.csproj", "{363A7D85-CCE7-4439-ACFB-4DE6E6966AE4}"
EndProject
Project("{FAE04EC0-301F-11D3-BF4B-00C04F79EFBC}") = "Study.PrismApp", "Study.PrismApp\Study.PrismApp.csproj", "{D378812B-D0DD-4E21-9DBD-06A382AB3F01}"
EndProject
Project("{FAE04EC0-301F-11D3-BF4B-00C04F79EFBC}") = "Study.Prism02", "Study.Prism02\Study.Prism02.csproj", "{0BB9AE87-AD94-4797-A592-11C58444008A}"
EndProject
Project("{FAE04EC0-301F-11D3-BF4B-00C04F79EFBC}") = "Study.PrismRegion", "Study.PrismRegion\Study.PrismRegion.csproj", "{72DB5F85-2076-48C6-A74F-0C68C04AFA0D}"
EndProject
Project("{FAE04EC0-301F-11D3-BF4B-00C04F79EFBC}") = "Study.CompositeCommand", "Study.CompositeCommand\Study.CompositeCommand.csproj", "{1CD03B5A-DD58-4983-9DA3-673A5DFC1C9F}"
EndProject
Project("{2150E333-8FDC-42A3-9474-1A3956D46DE8}") = "Prism", "Prism", "{ADA9DC46-1478-4D8A-A26C-BD166A86C2D6}"
EndProject
Project("{2150E333-8FDC-42A3-9474-1A3956D46DE8}") = "MVVM", "MVVM", "{E7B5F384-B980-4316-87BB-9BE5043B4F80}"
EndProject
Project("{2150E333-8FDC-42A3-9474-1A3956D46DE8}") = "WPFBase", "WPFBase", "{BF38B370-91B5-421E-90B0-B96B6F7241B5}"
EndProject
Project("{2150E333-8FDC-42A3-9474-1A3956D46DE8}") = "PrismModule", "PrismModule", "{B5C353AC-C08F-40FA-AD81-9A66DF76E54B}"
EndProject
Project("{FAE04EC0-301F-11D3-BF4B-00C04F79EFBC}") = "StudyPrism.Module", "StudyPrism.Module\StudyPrism.Module.csproj", "{A5F50CB1-8580-45C8-BF8B-DD5F169D6A37}"
EndProject
Project("{FAE04EC0-301F-11D3-BF4B-00C04F79EFBC}") = "Study.PrismModule.Sub", "Study.PrismModule.Sub\Study.PrismModule.Sub.csproj", "{F932A2C7-D67C-45EA-B0E4-B4ECEA8AD475}"
EndProject
Project("{FAE04EC0-301F-11D3-BF4B-00C04F79EFBC}") = "Study.PrismModule.Api", "Study.PrismModule.Api\Study.PrismModule.Api.csproj", "{DE8E073B-0560-484D-88C2-307E8DEB1773}"
EndProject
Project("{2150E333-8FDC-42A3-9474-1A3956D46DE8}") = "Redis", "Redis", "{9E4201EA-FC23-41E9-A1E9-9D3C3CF7D83A}"
EndProject
Project("{FAE04EC0-301F-11D3-BF4B-00C04F79EFBC}") = "Study.ServiceStackRedis", "Study.ServiceStackRedis\Study.ServiceStackRedis.csproj", "{F14DBA65-5091-49A4-9CEF-91D72467D1F2}"
EndProject
Project("{FAE04EC0-301F-11D3-BF4B-00C04F79EFBC}") = "Study.StackExchangeRedis", "Study.StackExchangeRedis\Study.StackExchangeRedis.csproj", "{3B9E1028-4E05-49BE-BF16-831343C8F259}"
EndProject
Global
	GlobalSection(SolutionConfigurationPlatforms) = preSolution
		Debug|Any CPU = Debug|Any CPU
		Release|Any CPU = Release|Any CPU
	EndGlobalSection
	GlobalSection(ProjectConfigurationPlatforms) = postSolution
		{AEB0FB1C-E65E-44A2-8AA8-305C5F984FE4}.Debug|Any CPU.ActiveCfg = Debug|Any CPU
		{AEB0FB1C-E65E-44A2-8AA8-305C5F984FE4}.Debug|Any CPU.Build.0 = Debug|Any CPU
		{AEB0FB1C-E65E-44A2-8AA8-305C5F984FE4}.Release|Any CPU.ActiveCfg = Release|Any CPU
		{AEB0FB1C-E65E-44A2-8AA8-305C5F984FE4}.Release|Any CPU.Build.0 = Release|Any CPU
		{60E5FB51-A172-4DBB-BBB3-1B62B741B117}.Debug|Any CPU.ActiveCfg = Debug|Any CPU
		{60E5FB51-A172-4DBB-BBB3-1B62B741B117}.Debug|Any CPU.Build.0 = Debug|Any CPU
		{60E5FB51-A172-4DBB-BBB3-1B62B741B117}.Release|Any CPU.ActiveCfg = Release|Any CPU
		{60E5FB51-A172-4DBB-BBB3-1B62B741B117}.Release|Any CPU.Build.0 = Release|Any CPU
		{6F7E8937-4406-4238-9C30-8FE8A17412D1}.Debug|Any CPU.ActiveCfg = Debug|Any CPU
		{6F7E8937-4406-4238-9C30-8FE8A17412D1}.Debug|Any CPU.Build.0 = Debug|Any CPU
		{6F7E8937-4406-4238-9C30-8FE8A17412D1}.Release|Any CPU.ActiveCfg = Release|Any CPU
		{6F7E8937-4406-4238-9C30-8FE8A17412D1}.Release|Any CPU.Build.0 = Release|Any CPU
		{23FFACEE-C896-40D5-8703-C37269D9485B}.Debug|Any CPU.ActiveCfg = Debug|Any CPU
		{23FFACEE-C896-40D5-8703-C37269D9485B}.Debug|Any CPU.Build.0 = Debug|Any CPU
		{23FFACEE-C896-40D5-8703-C37269D9485B}.Release|Any CPU.ActiveCfg = Release|Any CPU
		{23FFACEE-C896-40D5-8703-C37269D9485B}.Release|Any CPU.Build.0 = Release|Any CPU
		{32E7B5C9-9458-4723-A756-C0035105707E}.Debug|Any CPU.ActiveCfg = Debug|Any CPU
		{32E7B5C9-9458-4723-A756-C0035105707E}.Debug|Any CPU.Build.0 = Debug|Any CPU
		{32E7B5C9-9458-4723-A756-C0035105707E}.Release|Any CPU.ActiveCfg = Release|Any CPU
		{32E7B5C9-9458-4723-A756-C0035105707E}.Release|Any CPU.Build.0 = Release|Any CPU
		{CCD416C8-441D-4513-8467-D743ECCBCDC5}.Debug|Any CPU.ActiveCfg = Debug|Any CPU
		{CCD416C8-441D-4513-8467-D743ECCBCDC5}.Debug|Any CPU.Build.0 = Debug|Any CPU
		{CCD416C8-441D-4513-8467-D743ECCBCDC5}.Release|Any CPU.ActiveCfg = Release|Any CPU
		{CCD416C8-441D-4513-8467-D743ECCBCDC5}.Release|Any CPU.Build.0 = Release|Any CPU
		{F91C8B37-C8D3-45FD-BBCE-E69A6B1F92AE}.Debug|Any CPU.ActiveCfg = Debug|Any CPU
		{F91C8B37-C8D3-45FD-BBCE-E69A6B1F92AE}.Debug|Any CPU.Build.0 = Debug|Any CPU
		{F91C8B37-C8D3-45FD-BBCE-E69A6B1F92AE}.Release|Any CPU.ActiveCfg = Release|Any CPU
		{F91C8B37-C8D3-45FD-BBCE-E69A6B1F92AE}.Release|Any CPU.Build.0 = Release|Any CPU
		{37E5F4EF-EF2D-4A2A-8A4E-CFC2A5A31BDB}.Debug|Any CPU.ActiveCfg = Debug|Any CPU
		{37E5F4EF-EF2D-4A2A-8A4E-CFC2A5A31BDB}.Debug|Any CPU.Build.0 = Debug|Any CPU
		{37E5F4EF-EF2D-4A2A-8A4E-CFC2A5A31BDB}.Release|Any CPU.ActiveCfg = Release|Any CPU
		{37E5F4EF-EF2D-4A2A-8A4E-CFC2A5A31BDB}.Release|Any CPU.Build.0 = Release|Any CPU
		{430CBE37-2D1D-45A6-B6F4-4D81B38A5EE1}.Debug|Any CPU.ActiveCfg = Debug|Any CPU
		{430CBE37-2D1D-45A6-B6F4-4D81B38A5EE1}.Debug|Any CPU.Build.0 = Debug|Any CPU
		{430CBE37-2D1D-45A6-B6F4-4D81B38A5EE1}.Release|Any CPU.ActiveCfg = Release|Any CPU
		{430CBE37-2D1D-45A6-B6F4-4D81B38A5EE1}.Release|Any CPU.Build.0 = Release|Any CPU
		{C1DACF49-2DB8-447A-8A65-D1583A54304C}.Debug|Any CPU.ActiveCfg = Debug|Any CPU
		{C1DACF49-2DB8-447A-8A65-D1583A54304C}.Debug|Any CPU.Build.0 = Debug|Any CPU
		{C1DACF49-2DB8-447A-8A65-D1583A54304C}.Release|Any CPU.ActiveCfg = Release|Any CPU
		{C1DACF49-2DB8-447A-8A65-D1583A54304C}.Release|Any CPU.Build.0 = Release|Any CPU
		{61A6774E-011D-4992-B850-7D6CE935FAFB}.Debug|Any CPU.ActiveCfg = Debug|Any CPU
		{61A6774E-011D-4992-B850-7D6CE935FAFB}.Debug|Any CPU.Build.0 = Debug|Any CPU
		{61A6774E-011D-4992-B850-7D6CE935FAFB}.Release|Any CPU.ActiveCfg = Release|Any CPU
		{61A6774E-011D-4992-B850-7D6CE935FAFB}.Release|Any CPU.Build.0 = Release|Any CPU
		{E881C44B-E17E-4ABB-B9BA-CCC0B6A3A458}.Debug|Any CPU.ActiveCfg = Debug|Any CPU
		{E881C44B-E17E-4ABB-B9BA-CCC0B6A3A458}.Debug|Any CPU.Build.0 = Debug|Any CPU
		{E881C44B-E17E-4ABB-B9BA-CCC0B6A3A458}.Release|Any CPU.ActiveCfg = Release|Any CPU
		{E881C44B-E17E-4ABB-B9BA-CCC0B6A3A458}.Release|Any CPU.Build.0 = Release|Any CPU
		{F99185B1-0F83-4F3C-88E2-0FBF627CDCCF}.Debug|Any CPU.ActiveCfg = Debug|Any CPU
		{F99185B1-0F83-4F3C-88E2-0FBF627CDCCF}.Debug|Any CPU.Build.0 = Debug|Any CPU
		{F99185B1-0F83-4F3C-88E2-0FBF627CDCCF}.Release|Any CPU.ActiveCfg = Release|Any CPU
		{F99185B1-0F83-4F3C-88E2-0FBF627CDCCF}.Release|Any CPU.Build.0 = Release|Any CPU
		{363A7D85-CCE7-4439-ACFB-4DE6E6966AE4}.Debug|Any CPU.ActiveCfg = Debug|Any CPU
		{363A7D85-CCE7-4439-ACFB-4DE6E6966AE4}.Debug|Any CPU.Build.0 = Debug|Any CPU
		{363A7D85-CCE7-4439-ACFB-4DE6E6966AE4}.Release|Any CPU.ActiveCfg = Release|Any CPU
		{363A7D85-CCE7-4439-ACFB-4DE6E6966AE4}.Release|Any CPU.Build.0 = Release|Any CPU
		{D378812B-D0DD-4E21-9DBD-06A382AB3F01}.Debug|Any CPU.ActiveCfg = Debug|Any CPU
		{D378812B-D0DD-4E21-9DBD-06A382AB3F01}.Debug|Any CPU.Build.0 = Debug|Any CPU
		{D378812B-D0DD-4E21-9DBD-06A382AB3F01}.Release|Any CPU.ActiveCfg = Release|Any CPU
		{D378812B-D0DD-4E21-9DBD-06A382AB3F01}.Release|Any CPU.Build.0 = Release|Any CPU
		{0BB9AE87-AD94-4797-A592-11C58444008A}.Debug|Any CPU.ActiveCfg = Debug|Any CPU
		{0BB9AE87-AD94-4797-A592-11C58444008A}.Debug|Any CPU.Build.0 = Debug|Any CPU
		{0BB9AE87-AD94-4797-A592-11C58444008A}.Release|Any CPU.ActiveCfg = Release|Any CPU
		{0BB9AE87-AD94-4797-A592-11C58444008A}.Release|Any CPU.Build.0 = Release|Any CPU
		{72DB5F85-2076-48C6-A74F-0C68C04AFA0D}.Debug|Any CPU.ActiveCfg = Debug|Any CPU
		{72DB5F85-2076-48C6-A74F-0C68C04AFA0D}.Debug|Any CPU.Build.0 = Debug|Any CPU
		{72DB5F85-2076-48C6-A74F-0C68C04AFA0D}.Release|Any CPU.ActiveCfg = Release|Any CPU
		{72DB5F85-2076-48C6-A74F-0C68C04AFA0D}.Release|Any CPU.Build.0 = Release|Any CPU
		{1CD03B5A-DD58-4983-9DA3-673A5DFC1C9F}.Debug|Any CPU.ActiveCfg = Debug|Any CPU
		{1CD03B5A-DD58-4983-9DA3-673A5DFC1C9F}.Debug|Any CPU.Build.0 = Debug|Any CPU
		{1CD03B5A-DD58-4983-9DA3-673A5DFC1C9F}.Release|Any CPU.ActiveCfg = Release|Any CPU
		{1CD03B5A-DD58-4983-9DA3-673A5DFC1C9F}.Release|Any CPU.Build.0 = Release|Any CPU
		{A5F50CB1-8580-45C8-BF8B-DD5F169D6A37}.Debug|Any CPU.ActiveCfg = Debug|Any CPU
		{A5F50CB1-8580-45C8-BF8B-DD5F169D6A37}.Debug|Any CPU.Build.0 = Debug|Any CPU
		{A5F50CB1-8580-45C8-BF8B-DD5F169D6A37}.Release|Any CPU.ActiveCfg = Release|Any CPU
		{A5F50CB1-8580-45C8-BF8B-DD5F169D6A37}.Release|Any CPU.Build.0 = Release|Any CPU
		{F932A2C7-D67C-45EA-B0E4-B4ECEA8AD475}.Debug|Any CPU.ActiveCfg = Debug|Any CPU
		{F932A2C7-D67C-45EA-B0E4-B4ECEA8AD475}.Debug|Any CPU.Build.0 = Debug|Any CPU
		{F932A2C7-D67C-45EA-B0E4-B4ECEA8AD475}.Release|Any CPU.ActiveCfg = Release|Any CPU
		{F932A2C7-D67C-45EA-B0E4-B4ECEA8AD475}.Release|Any CPU.Build.0 = Release|Any CPU
		{DE8E073B-0560-484D-88C2-307E8DEB1773}.Debug|Any CPU.ActiveCfg = Debug|Any CPU
		{DE8E073B-0560-484D-88C2-307E8DEB1773}.Debug|Any CPU.Build.0 = Debug|Any CPU
		{DE8E073B-0560-484D-88C2-307E8DEB1773}.Release|Any CPU.ActiveCfg = Release|Any CPU
		{DE8E073B-0560-484D-88C2-307E8DEB1773}.Release|Any CPU.Build.0 = Release|Any CPU
		{F14DBA65-5091-49A4-9CEF-91D72467D1F2}.Debug|Any CPU.ActiveCfg = Debug|Any CPU
		{F14DBA65-5091-49A4-9CEF-91D72467D1F2}.Debug|Any CPU.Build.0 = Debug|Any CPU
		{F14DBA65-5091-49A4-9CEF-91D72467D1F2}.Release|Any CPU.ActiveCfg = Release|Any CPU
		{F14DBA65-5091-49A4-9CEF-91D72467D1F2}.Release|Any CPU.Build.0 = Release|Any CPU
		{3B9E1028-4E05-49BE-BF16-831343C8F259}.Debug|Any CPU.ActiveCfg = Debug|Any CPU
		{3B9E1028-4E05-49BE-BF16-831343C8F259}.Debug|Any CPU.Build.0 = Debug|Any CPU
		{3B9E1028-4E05-49BE-BF16-831343C8F259}.Release|Any CPU.ActiveCfg = Release|Any CPU
		{3B9E1028-4E05-49BE-BF16-831343C8F259}.Release|Any CPU.Build.0 = Release|Any CPU
	EndGlobalSection
	GlobalSection(SolutionProperties) = preSolution
		HideSolutionNode = FALSE
	EndGlobalSection
	GlobalSection(ExtensibilityGlobals) = postSolution
		SolutionGuid = {D8502A5C-5BBD-4EAD-9640-6FD70BE042F6}
	EndGlobalSection
	GlobalSection(NestedProjects) = preSolution
		{0BB9AE87-AD94-4797-A592-11C58444008A} = {ADA9DC46-1478-4D8A-A26C-BD166A86C2D6}
		{D378812B-D0DD-4E21-9DBD-06A382AB3F01} = {ADA9DC46-1478-4D8A-A26C-BD166A86C2D6}
		{1CD03B5A-DD58-4983-9DA3-673A5DFC1C9F} = {ADA9DC46-1478-4D8A-A26C-BD166A86C2D6}
		{72DB5F85-2076-48C6-A74F-0C68C04AFA0D} = {ADA9DC46-1478-4D8A-A26C-BD166A86C2D6}
		{363A7D85-CCE7-4439-ACFB-4DE6E6966AE4} = {ADA9DC46-1478-4D8A-A26C-BD166A86C2D6}
		{C1DACF49-2DB8-447A-8A65-D1583A54304C} = {E7B5F384-B980-4316-87BB-9BE5043B4F80}
		{61A6774E-011D-4992-B850-7D6CE935FAFB} = {E7B5F384-B980-4316-87BB-9BE5043B4F80}
		{F99185B1-0F83-4F3C-88E2-0FBF627CDCCF} = {E7B5F384-B980-4316-87BB-9BE5043B4F80}
		{E881C44B-E17E-4ABB-B9BA-CCC0B6A3A458} = {E7B5F384-B980-4316-87BB-9BE5043B4F80}
		{AEB0FB1C-E65E-44A2-8AA8-305C5F984FE4} = {BF38B370-91B5-421E-90B0-B96B6F7241B5}
		{F91C8B37-C8D3-45FD-BBCE-E69A6B1F92AE} = {BF38B370-91B5-421E-90B0-B96B6F7241B5}
		{6F7E8937-4406-4238-9C30-8FE8A17412D1} = {BF38B370-91B5-421E-90B0-B96B6F7241B5}
		{CCD416C8-441D-4513-8467-D743ECCBCDC5} = {BF38B370-91B5-421E-90B0-B96B6F7241B5}
		{23FFACEE-C896-40D5-8703-C37269D9485B} = {BF38B370-91B5-421E-90B0-B96B6F7241B5}
		{430CBE37-2D1D-45A6-B6F4-4D81B38A5EE1} = {BF38B370-91B5-421E-90B0-B96B6F7241B5}
		{37E5F4EF-EF2D-4A2A-8A4E-CFC2A5A31BDB} = {BF38B370-91B5-421E-90B0-B96B6F7241B5}
		{32E7B5C9-9458-4723-A756-C0035105707E} = {BF38B370-91B5-421E-90B0-B96B6F7241B5}
		{60E5FB51-A172-4DBB-BBB3-1B62B741B117} = {BF38B370-91B5-421E-90B0-B96B6F7241B5}
		{B5C353AC-C08F-40FA-AD81-9A66DF76E54B} = {ADA9DC46-1478-4D8A-A26C-BD166A86C2D6}
		{A5F50CB1-8580-45C8-BF8B-DD5F169D6A37} = {B5C353AC-C08F-40FA-AD81-9A66DF76E54B}
		{F932A2C7-D67C-45EA-B0E4-B4ECEA8AD475} = {B5C353AC-C08F-40FA-AD81-9A66DF76E54B}
		{DE8E073B-0560-484D-88C2-307E8DEB1773} = {B5C353AC-C08F-40FA-AD81-9A66DF76E54B}
		{F14DBA65-5091-49A4-9CEF-91D72467D1F2} = {9E4201EA-FC23-41E9-A1E9-9D3C3CF7D83A}
		{3B9E1028-4E05-49BE-BF16-831343C8F259} = {9E4201EA-FC23-41E9-A1E9-9D3C3CF7D83A}
	EndGlobalSection
EndGlobal
